
Microsoft Visual Studio Solution File, Format Version 12.00
# Visual Studio Version 17
VisualStudioVersion = 17.4.33213.308
MinimumVisualStudioVersion = 10.0.40219.1
Project("{9A19103F-16F7-4668-BE54-9A1E7A4F7556}") = "Rado", "Rado\Rado.csproj", "{5BB1E63E-27D9-4EB1-AC64-FBE7FE7DC1B0}"
EndProject
Project("{00D1A9C2-B5F0-4AF3-8072-F6C62B433612}") = "Database", "Database\Database.sqlproj", "{632A391F-2F3B-4066-8104-E397D5FF2BAD}"
EndProject
Project("{FAE04EC0-301F-11D3-BF4B-00C04F79EFBC}") = "GetData", "GetData\GetData.csproj", "{D98DB4A1-FED5-4F89-8C57-6C5208505933}"
EndProject
Project("{FAE04EC0-301F-11D3-BF4B-00C04F79EFBC}") = "FetchData", "FetchData\FetchData.csproj", "{A2F0FE4E-30A0-483E-998B-4E959AE8E7CC}"
EndProject
Project("{FAE04EC0-301F-11D3-BF4B-00C04F79EFBC}") = "ImageConvertorConsole", "ImageConvertor\ImageConvertorConsole.csproj", "{CDED7DD6-5FEC-4BA4-8FDB-7D8BBA4E0626}"
EndProject
Project("{FAE04EC0-301F-11D3-BF4B-00C04F79EFBC}") = "ImageConverter", "ImageConverter\ImageConverter.csproj", "{437B8465-63D8-4754-B577-AF2B180F38D8}"
EndProject
Project("{FAE04EC0-301F-11D3-BF4B-00C04F79EFBC}") = "ImageTest", "ImageTest\ImageTest.csproj", "{C35B0E48-5A49-4DC9-97E2-CDD53F1BC39E}"
EndProject
Project("{FAE04EC0-301F-11D3-BF4B-00C04F79EFBC}") = "Models", "Models\Models.csproj", "{BFFC27F7-21ED-4271-BD9B-619502162DDA}"
EndProject
Project("{FAE04EC0-301F-11D3-BF4B-00C04F79EFBC}") = "Utility", "Utility\Utility.csproj", "{B7769717-0924-4278-BDA9-AE1E1D8819A3}"
EndProject
Global
	GlobalSection(SolutionConfigurationPlatforms) = preSolution
		Debug|Any CPU = Debug|Any CPU
		Debug|x64 = Debug|x64
		Debug|x86 = Debug|x86
		Release|Any CPU = Release|Any CPU
		Release|x64 = Release|x64
		Release|x86 = Release|x86
		Staging|Any CPU = Staging|Any CPU
		Staging|x64 = Staging|x64
		Staging|x86 = Staging|x86
	EndGlobalSection
	GlobalSection(ProjectConfigurationPlatforms) = postSolution
		{5BB1E63E-27D9-4EB1-AC64-FBE7FE7DC1B0}.Debug|Any CPU.ActiveCfg = Debug|Any CPU
		{5BB1E63E-27D9-4EB1-AC64-FBE7FE7DC1B0}.Debug|Any CPU.Build.0 = Debug|Any CPU
		{5BB1E63E-27D9-4EB1-AC64-FBE7FE7DC1B0}.Debug|x64.ActiveCfg = Debug|Any CPU
		{5BB1E63E-27D9-4EB1-AC64-FBE7FE7DC1B0}.Debug|x64.Build.0 = Debug|Any CPU
		{5BB1E63E-27D9-4EB1-AC64-FBE7FE7DC1B0}.Debug|x86.ActiveCfg = Debug|Any CPU
		{5BB1E63E-27D9-4EB1-AC64-FBE7FE7DC1B0}.Debug|x86.Build.0 = Debug|Any CPU
		{5BB1E63E-27D9-4EB1-AC64-FBE7FE7DC1B0}.Release|Any CPU.ActiveCfg = Release|Any CPU
		{5BB1E63E-27D9-4EB1-AC64-FBE7FE7DC1B0}.Release|Any CPU.Build.0 = Release|Any CPU
		{5BB1E63E-27D9-4EB1-AC64-FBE7FE7DC1B0}.Release|x64.ActiveCfg = Release|Any CPU
		{5BB1E63E-27D9-4EB1-AC64-FBE7FE7DC1B0}.Release|x64.Build.0 = Release|Any CPU
		{5BB1E63E-27D9-4EB1-AC64-FBE7FE7DC1B0}.Release|x86.ActiveCfg = Release|Any CPU
		{5BB1E63E-27D9-4EB1-AC64-FBE7FE7DC1B0}.Release|x86.Build.0 = Release|Any CPU
		{5BB1E63E-27D9-4EB1-AC64-FBE7FE7DC1B0}.Staging|Any CPU.ActiveCfg = Staging|Any CPU
		{5BB1E63E-27D9-4EB1-AC64-FBE7FE7DC1B0}.Staging|Any CPU.Build.0 = Staging|Any CPU
		{5BB1E63E-27D9-4EB1-AC64-FBE7FE7DC1B0}.Staging|x64.ActiveCfg = Staging|Any CPU
		{5BB1E63E-27D9-4EB1-AC64-FBE7FE7DC1B0}.Staging|x64.Build.0 = Staging|Any CPU
		{5BB1E63E-27D9-4EB1-AC64-FBE7FE7DC1B0}.Staging|x86.ActiveCfg = Staging|Any CPU
		{5BB1E63E-27D9-4EB1-AC64-FBE7FE7DC1B0}.Staging|x86.Build.0 = Staging|Any CPU
		{632A391F-2F3B-4066-8104-E397D5FF2BAD}.Debug|Any CPU.ActiveCfg = Debug|Any CPU
		{632A391F-2F3B-4066-8104-E397D5FF2BAD}.Debug|Any CPU.Build.0 = Debug|Any CPU
		{632A391F-2F3B-4066-8104-E397D5FF2BAD}.Debug|Any CPU.Deploy.0 = Debug|Any CPU
		{632A391F-2F3B-4066-8104-E397D5FF2BAD}.Debug|x64.ActiveCfg = Debug|Any CPU
		{632A391F-2F3B-4066-8104-E397D5FF2BAD}.Debug|x64.Build.0 = Debug|Any CPU
		{632A391F-2F3B-4066-8104-E397D5FF2BAD}.Debug|x64.Deploy.0 = Debug|Any CPU
		{632A391F-2F3B-4066-8104-E397D5FF2BAD}.Debug|x86.ActiveCfg = Debug|x86
		{632A391F-2F3B-4066-8104-E397D5FF2BAD}.Debug|x86.Build.0 = Debug|x86
		{632A391F-2F3B-4066-8104-E397D5FF2BAD}.Debug|x86.Deploy.0 = Debug|x86
		{632A391F-2F3B-4066-8104-E397D5FF2BAD}.Release|Any CPU.ActiveCfg = Release|Any CPU
		{632A391F-2F3B-4066-8104-E397D5FF2BAD}.Release|Any CPU.Build.0 = Release|Any CPU
		{632A391F-2F3B-4066-8104-E397D5FF2BAD}.Release|Any CPU.Deploy.0 = Release|Any CPU
		{632A391F-2F3B-4066-8104-E397D5FF2BAD}.Release|x64.ActiveCfg = Release|Any CPU
		{632A391F-2F3B-4066-8104-E397D5FF2BAD}.Release|x64.Build.0 = Release|Any CPU
		{632A391F-2F3B-4066-8104-E397D5FF2BAD}.Release|x64.Deploy.0 = Release|Any CPU
		{632A391F-2F3B-4066-8104-E397D5FF2BAD}.Release|x86.ActiveCfg = Release|x86
		{632A391F-2F3B-4066-8104-E397D5FF2BAD}.Release|x86.Build.0 = Release|x86
		{632A391F-2F3B-4066-8104-E397D5FF2BAD}.Release|x86.Deploy.0 = Release|x86
		{632A391F-2F3B-4066-8104-E397D5FF2BAD}.Staging|Any CPU.ActiveCfg = Staging|Any CPU
		{632A391F-2F3B-4066-8104-E397D5FF2BAD}.Staging|Any CPU.Build.0 = Staging|Any CPU
		{632A391F-2F3B-4066-8104-E397D5FF2BAD}.Staging|Any CPU.Deploy.0 = Staging|Any CPU
		{632A391F-2F3B-4066-8104-E397D5FF2BAD}.Staging|x64.ActiveCfg = Staging|Any CPU
		{632A391F-2F3B-4066-8104-E397D5FF2BAD}.Staging|x64.Build.0 = Staging|Any CPU
		{632A391F-2F3B-4066-8104-E397D5FF2BAD}.Staging|x64.Deploy.0 = Staging|Any CPU
		{632A391F-2F3B-4066-8104-E397D5FF2BAD}.Staging|x86.ActiveCfg = Staging|Any CPU
		{632A391F-2F3B-4066-8104-E397D5FF2BAD}.Staging|x86.Build.0 = Staging|Any CPU
		{632A391F-2F3B-4066-8104-E397D5FF2BAD}.Staging|x86.Deploy.0 = Staging|Any CPU
		{D98DB4A1-FED5-4F89-8C57-6C5208505933}.Debug|Any CPU.ActiveCfg = Debug|Any CPU
		{D98DB4A1-FED5-4F89-8C57-6C5208505933}.Debug|Any CPU.Build.0 = Debug|Any CPU
		{D98DB4A1-FED5-4F89-8C57-6C5208505933}.Debug|x64.ActiveCfg = Debug|x64
		{D98DB4A1-FED5-4F89-8C57-6C5208505933}.Debug|x64.Build.0 = Debug|x64
		{D98DB4A1-FED5-4F89-8C57-6C5208505933}.Debug|x86.ActiveCfg = Debug|Any CPU
		{D98DB4A1-FED5-4F89-8C57-6C5208505933}.Debug|x86.Build.0 = Debug|Any CPU
		{D98DB4A1-FED5-4F89-8C57-6C5208505933}.Release|Any CPU.ActiveCfg = Release|Any CPU
		{D98DB4A1-FED5-4F89-8C57-6C5208505933}.Release|Any CPU.Build.0 = Release|Any CPU
		{D98DB4A1-FED5-4F89-8C57-6C5208505933}.Release|x64.ActiveCfg = Release|x64
		{D98DB4A1-FED5-4F89-8C57-6C5208505933}.Release|x64.Build.0 = Release|x64
		{D98DB4A1-FED5-4F89-8C57-6C5208505933}.Release|x86.ActiveCfg = Release|Any CPU
		{D98DB4A1-FED5-4F89-8C57-6C5208505933}.Release|x86.Build.0 = Release|Any CPU
		{D98DB4A1-FED5-4F89-8C57-6C5208505933}.Staging|Any CPU.ActiveCfg = Staging|Any CPU
		{D98DB4A1-FED5-4F89-8C57-6C5208505933}.Staging|Any CPU.Build.0 = Staging|Any CPU
		{D98DB4A1-FED5-4F89-8C57-6C5208505933}.Staging|x64.ActiveCfg = Staging|x64
		{D98DB4A1-FED5-4F89-8C57-6C5208505933}.Staging|x64.Build.0 = Staging|x64
		{D98DB4A1-FED5-4F89-8C57-6C5208505933}.Staging|x86.ActiveCfg = Staging|Any CPU
		{D98DB4A1-FED5-4F89-8C57-6C5208505933}.Staging|x86.Build.0 = Staging|Any CPU
		{A2F0FE4E-30A0-483E-998B-4E959AE8E7CC}.Debug|Any CPU.ActiveCfg = Debug|Any CPU
		{A2F0FE4E-30A0-483E-998B-4E959AE8E7CC}.Debug|Any CPU.Build.0 = Debug|Any CPU
		{A2F0FE4E-30A0-483E-998B-4E959AE8E7CC}.Debug|x64.ActiveCfg = Debug|Any CPU
		{A2F0FE4E-30A0-483E-998B-4E959AE8E7CC}.Debug|x64.Build.0 = Debug|Any CPU
		{A2F0FE4E-30A0-483E-998B-4E959AE8E7CC}.Debug|x86.ActiveCfg = Debug|Any CPU
		{A2F0FE4E-30A0-483E-998B-4E959AE8E7CC}.Debug|x86.Build.0 = Debug|Any CPU
		{A2F0FE4E-30A0-483E-998B-4E959AE8E7CC}.Release|Any CPU.ActiveCfg = Release|Any CPU
		{A2F0FE4E-30A0-483E-998B-4E959AE8E7CC}.Release|Any CPU.Build.0 = Release|Any CPU
		{A2F0FE4E-30A0-483E-998B-4E959AE8E7CC}.Release|x64.ActiveCfg = Release|Any CPU
		{A2F0FE4E-30A0-483E-998B-4E959AE8E7CC}.Release|x64.Build.0 = Release|Any CPU
		{A2F0FE4E-30A0-483E-998B-4E959AE8E7CC}.Release|x86.ActiveCfg = Release|Any CPU
		{A2F0FE4E-30A0-483E-998B-4E959AE8E7CC}.Release|x86.Build.0 = Release|Any CPU
		{A2F0FE4E-30A0-483E-998B-4E959AE8E7CC}.Staging|Any CPU.ActiveCfg = Debug|Any CPU
		{A2F0FE4E-30A0-483E-998B-4E959AE8E7CC}.Staging|Any CPU.Build.0 = Debug|Any CPU
		{A2F0FE4E-30A0-483E-998B-4E959AE8E7CC}.Staging|x64.ActiveCfg = Debug|Any CPU
		{A2F0FE4E-30A0-483E-998B-4E959AE8E7CC}.Staging|x64.Build.0 = Debug|Any CPU
		{A2F0FE4E-30A0-483E-998B-4E959AE8E7CC}.Staging|x86.ActiveCfg = Debug|Any CPU
		{A2F0FE4E-30A0-483E-998B-4E959AE8E7CC}.Staging|x86.Build.0 = Debug|Any CPU
		{CDED7DD6-5FEC-4BA4-8FDB-7D8BBA4E0626}.Debug|Any CPU.ActiveCfg = Debug|Any CPU
		{CDED7DD6-5FEC-4BA4-8FDB-7D8BBA4E0626}.Debug|Any CPU.Build.0 = Debug|Any CPU
		{CDED7DD6-5FEC-4BA4-8FDB-7D8BBA4E0626}.Debug|x64.ActiveCfg = Debug|Any CPU
		{CDED7DD6-5FEC-4BA4-8FDB-7D8BBA4E0626}.Debug|x64.Build.0 = Debug|Any CPU
		{CDED7DD6-5FEC-4BA4-8FDB-7D8BBA4E0626}.Debug|x86.ActiveCfg = Debug|Any CPU
		{CDED7DD6-5FEC-4BA4-8FDB-7D8BBA4E0626}.Debug|x86.Build.0 = Debug|Any CPU
		{CDED7DD6-5FEC-4BA4-8FDB-7D8BBA4E0626}.Release|Any CPU.ActiveCfg = Release|Any CPU
		{CDED7DD6-5FEC-4BA4-8FDB-7D8BBA4E0626}.Release|Any CPU.Build.0 = Release|Any CPU
		{CDED7DD6-5FEC-4BA4-8FDB-7D8BBA4E0626}.Release|x64.ActiveCfg = Release|Any CPU
		{CDED7DD6-5FEC-4BA4-8FDB-7D8BBA4E0626}.Release|x64.Build.0 = Release|Any CPU
		{CDED7DD6-5FEC-4BA4-8FDB-7D8BBA4E0626}.Release|x86.ActiveCfg = Release|Any CPU
		{CDED7DD6-5FEC-4BA4-8FDB-7D8BBA4E0626}.Release|x86.Build.0 = Release|Any CPU
		{CDED7DD6-5FEC-4BA4-8FDB-7D8BBA4E0626}.Staging|Any CPU.ActiveCfg = Debug|Any CPU
		{CDED7DD6-5FEC-4BA4-8FDB-7D8BBA4E0626}.Staging|Any CPU.Build.0 = Debug|Any CPU
		{CDED7DD6-5FEC-4BA4-8FDB-7D8BBA4E0626}.Staging|x64.ActiveCfg = Debug|Any CPU
		{CDED7DD6-5FEC-4BA4-8FDB-7D8BBA4E0626}.Staging|x64.Build.0 = Debug|Any CPU
		{CDED7DD6-5FEC-4BA4-8FDB-7D8BBA4E0626}.Staging|x86.ActiveCfg = Debug|Any CPU
		{CDED7DD6-5FEC-4BA4-8FDB-7D8BBA4E0626}.Staging|x86.Build.0 = Debug|Any CPU
		{437B8465-63D8-4754-B577-AF2B180F38D8}.Debug|Any CPU.ActiveCfg = Debug|Any CPU
		{437B8465-63D8-4754-B577-AF2B180F38D8}.Debug|Any CPU.Build.0 = Debug|Any CPU
		{437B8465-63D8-4754-B577-AF2B180F38D8}.Debug|x64.ActiveCfg = Debug|Any CPU
		{437B8465-63D8-4754-B577-AF2B180F38D8}.Debug|x64.Build.0 = Debug|Any CPU
		{437B8465-63D8-4754-B577-AF2B180F38D8}.Debug|x86.ActiveCfg = Debug|Any CPU
		{437B8465-63D8-4754-B577-AF2B180F38D8}.Debug|x86.Build.0 = Debug|Any CPU
		{437B8465-63D8-4754-B577-AF2B180F38D8}.Release|Any CPU.ActiveCfg = Release|Any CPU
		{437B8465-63D8-4754-B577-AF2B180F38D8}.Release|Any CPU.Build.0 = Release|Any CPU
		{437B8465-63D8-4754-B577-AF2B180F38D8}.Release|x64.ActiveCfg = Release|Any CPU
		{437B8465-63D8-4754-B577-AF2B180F38D8}.Release|x64.Build.0 = Release|Any CPU
		{437B8465-63D8-4754-B577-AF2B180F38D8}.Release|x86.ActiveCfg = Release|Any CPU
		{437B8465-63D8-4754-B577-AF2B180F38D8}.Release|x86.Build.0 = Release|Any CPU
		{437B8465-63D8-4754-B577-AF2B180F38D8}.Staging|Any CPU.ActiveCfg = Debug|Any CPU
		{437B8465-63D8-4754-B577-AF2B180F38D8}.Staging|Any CPU.Build.0 = Debug|Any CPU
		{437B8465-63D8-4754-B577-AF2B180F38D8}.Staging|x64.ActiveCfg = Debug|Any CPU
		{437B8465-63D8-4754-B577-AF2B180F38D8}.Staging|x64.Build.0 = Debug|Any CPU
		{437B8465-63D8-4754-B577-AF2B180F38D8}.Staging|x86.ActiveCfg = Debug|Any CPU
		{437B8465-63D8-4754-B577-AF2B180F38D8}.Staging|x86.Build.0 = Debug|Any CPU
		{C35B0E48-5A49-4DC9-97E2-CDD53F1BC39E}.Debug|Any CPU.ActiveCfg = Debug|Any CPU
		{C35B0E48-5A49-4DC9-97E2-CDD53F1BC39E}.Debug|Any CPU.Build.0 = Debug|Any CPU
		{C35B0E48-5A49-4DC9-97E2-CDD53F1BC39E}.Debug|x64.ActiveCfg = Debug|Any CPU
		{C35B0E48-5A49-4DC9-97E2-CDD53F1BC39E}.Debug|x64.Build.0 = Debug|Any CPU
		{C35B0E48-5A49-4DC9-97E2-CDD53F1BC39E}.Debug|x86.ActiveCfg = Debug|Any CPU
		{C35B0E48-5A49-4DC9-97E2-CDD53F1BC39E}.Debug|x86.Build.0 = Debug|Any CPU
		{C35B0E48-5A49-4DC9-97E2-CDD53F1BC39E}.Release|Any CPU.ActiveCfg = Release|Any CPU
		{C35B0E48-5A49-4DC9-97E2-CDD53F1BC39E}.Release|Any CPU.Build.0 = Release|Any CPU
		{C35B0E48-5A49-4DC9-97E2-CDD53F1BC39E}.Release|x64.ActiveCfg = Release|Any CPU
		{C35B0E48-5A49-4DC9-97E2-CDD53F1BC39E}.Release|x64.Build.0 = Release|Any CPU
		{C35B0E48-5A49-4DC9-97E2-CDD53F1BC39E}.Release|x86.ActiveCfg = Release|Any CPU
		{C35B0E48-5A49-4DC9-97E2-CDD53F1BC39E}.Release|x86.Build.0 = Release|Any CPU
		{C35B0E48-5A49-4DC9-97E2-CDD53F1BC39E}.Staging|Any CPU.ActiveCfg = Debug|Any CPU
		{C35B0E48-5A49-4DC9-97E2-CDD53F1BC39E}.Staging|Any CPU.Build.0 = Debug|Any CPU
		{C35B0E48-5A49-4DC9-97E2-CDD53F1BC39E}.Staging|x64.ActiveCfg = Debug|Any CPU
		{C35B0E48-5A49-4DC9-97E2-CDD53F1BC39E}.Staging|x64.Build.0 = Debug|Any CPU
		{C35B0E48-5A49-4DC9-97E2-CDD53F1BC39E}.Staging|x86.ActiveCfg = Debug|Any CPU
		{C35B0E48-5A49-4DC9-97E2-CDD53F1BC39E}.Staging|x86.Build.0 = Debug|Any CPU
		{BFFC27F7-21ED-4271-BD9B-619502162DDA}.Debug|Any CPU.ActiveCfg = Debug|Any CPU
		{BFFC27F7-21ED-4271-BD9B-619502162DDA}.Debug|Any CPU.Build.0 = Debug|Any CPU
		{BFFC27F7-21ED-4271-BD9B-619502162DDA}.Debug|x64.ActiveCfg = Debug|Any CPU
		{BFFC27F7-21ED-4271-BD9B-619502162DDA}.Debug|x64.Build.0 = Debug|Any CPU
		{BFFC27F7-21ED-4271-BD9B-619502162DDA}.Debug|x86.ActiveCfg = Debug|Any CPU
		{BFFC27F7-21ED-4271-BD9B-619502162DDA}.Debug|x86.Build.0 = Debug|Any CPU
		{BFFC27F7-21ED-4271-BD9B-619502162DDA}.Release|Any CPU.ActiveCfg = Release|Any CPU
		{BFFC27F7-21ED-4271-BD9B-619502162DDA}.Release|Any CPU.Build.0 = Release|Any CPU
		{BFFC27F7-21ED-4271-BD9B-619502162DDA}.Release|x64.ActiveCfg = Release|Any CPU
		{BFFC27F7-21ED-4271-BD9B-619502162DDA}.Release|x64.Build.0 = Release|Any CPU
		{BFFC27F7-21ED-4271-BD9B-619502162DDA}.Release|x86.ActiveCfg = Release|Any CPU
		{BFFC27F7-21ED-4271-BD9B-619502162DDA}.Release|x86.Build.0 = Release|Any CPU
		{BFFC27F7-21ED-4271-BD9B-619502162DDA}.Staging|Any CPU.ActiveCfg = Debug|Any CPU
		{BFFC27F7-21ED-4271-BD9B-619502162DDA}.Staging|Any CPU.Build.0 = Debug|Any CPU
		{BFFC27F7-21ED-4271-BD9B-619502162DDA}.Staging|x64.ActiveCfg = Debug|Any CPU
		{BFFC27F7-21ED-4271-BD9B-619502162DDA}.Staging|x64.Build.0 = Debug|Any CPU
		{BFFC27F7-21ED-4271-BD9B-619502162DDA}.Staging|x86.ActiveCfg = Debug|Any CPU
		{BFFC27F7-21ED-4271-BD9B-619502162DDA}.Staging|x86.Build.0 = Debug|Any CPU
		{B7769717-0924-4278-BDA9-AE1E1D8819A3}.Debug|Any CPU.ActiveCfg = Debug|Any CPU
		{B7769717-0924-4278-BDA9-AE1E1D8819A3}.Debug|Any CPU.Build.0 = Debug|Any CPU
		{B7769717-0924-4278-BDA9-AE1E1D8819A3}.Debug|x64.ActiveCfg = Debug|Any CPU
		{B7769717-0924-4278-BDA9-AE1E1D8819A3}.Debug|x64.Build.0 = Debug|Any CPU
		{B7769717-0924-4278-BDA9-AE1E1D8819A3}.Debug|x86.ActiveCfg = Debug|Any CPU
		{B7769717-0924-4278-BDA9-AE1E1D8819A3}.Debug|x86.Build.0 = Debug|Any CPU
		{B7769717-0924-4278-BDA9-AE1E1D8819A3}.Release|Any CPU.ActiveCfg = Release|Any CPU
		{B7769717-0924-4278-BDA9-AE1E1D8819A3}.Release|Any CPU.Build.0 = Release|Any CPU
		{B7769717-0924-4278-BDA9-AE1E1D8819A3}.Release|x64.ActiveCfg = Release|Any CPU
		{B7769717-0924-4278-BDA9-AE1E1D8819A3}.Release|x64.Build.0 = Release|Any CPU
		{B7769717-0924-4278-BDA9-AE1E1D8819A3}.Release|x86.ActiveCfg = Release|Any CPU
		{B7769717-0924-4278-BDA9-AE1E1D8819A3}.Release|x86.Build.0 = Release|Any CPU
		{B7769717-0924-4278-BDA9-AE1E1D8819A3}.Staging|Any CPU.ActiveCfg = Debug|Any CPU
		{B7769717-0924-4278-BDA9-AE1E1D8819A3}.Staging|Any CPU.Build.0 = Debug|Any CPU
		{B7769717-0924-4278-BDA9-AE1E1D8819A3}.Staging|x64.ActiveCfg = Debug|Any CPU
		{B7769717-0924-4278-BDA9-AE1E1D8819A3}.Staging|x64.Build.0 = Debug|Any CPU
		{B7769717-0924-4278-BDA9-AE1E1D8819A3}.Staging|x86.ActiveCfg = Debug|Any CPU
		{B7769717-0924-4278-BDA9-AE1E1D8819A3}.Staging|x86.Build.0 = Debug|Any CPU
	EndGlobalSection
	GlobalSection(SolutionProperties) = preSolution
		HideSolutionNode = FALSE
	EndGlobalSection
	GlobalSection(ExtensibilityGlobals) = postSolution
		SolutionGuid = {51FFBB2E-AF2A-4CB5-B13B-0427A27CA36C}
	EndGlobalSection
EndGlobal
